
Microsoft Visual Studio Solution File, Format Version 12.00
# Visual Studio Version 17
VisualStudioVersion = 17.2.32505.173
MinimumVisualStudioVersion = 10.0.40219.1
Project("{FAE04EC0-301F-11D3-BF4B-00C04F79EFBC}") = "Ampliacion FrayGuillermo", "Ampliacion FrayGuillermo\Ampliacion FrayGuillermo.csproj", "{1F246B74-D9EB-4286-B15F-94FE3B75405B}"
EndProject
Global
	GlobalSection(SolutionConfigurationPlatforms) = preSolution
		Debug|Any CPU = Debug|Any CPU
		Release|Any CPU = Release|Any CPU
	EndGlobalSection
	GlobalSection(ProjectConfigurationPlatforms) = postSolution
		{1F246B74-D9EB-4286-B15F-94FE3B75405B}.Debug|Any CPU.ActiveCfg = Debug|Any CPU
		{1F246B74-D9EB-4286-B15F-94FE3B75405B}.Debug|Any CPU.Build.0 = Debug|Any CPU
		{1F246B74-D9EB-4286-B15F-94FE3B75405B}.Release|Any CPU.ActiveCfg = Release|Any CPU
		{1F246B74-D9EB-4286-B15F-94FE3B75405B}.Release|Any CPU.Build.0 = Release|Any CPU
	EndGlobalSection
	GlobalSection(SolutionProperties) = preSolution
		HideSolutionNode = FALSE
	EndGlobalSection
	GlobalSection(ExtensibilityGlobals) = postSolution
		SolutionGuid = {8664D81B-D3A5-459D-A1EF-1B1C790BBFB1}
	EndGlobalSection
EndGlobal
